
Microsoft Visual Studio Solution File, Format Version 12.00
# Visual Studio 2013
VisualStudioVersion = 12.0.40629.0
MinimumVisualStudioVersion = 10.0.40219.1
Project("{FAE04EC0-301F-11D3-BF4B-00C04F79EFBC}") = "TKS_Installer", "TKS_Installer\TKS_Installer.csproj", "{ED49B099-96B5-4642-BF82-3D5A0D97EEEE}"
EndProject
Global
	GlobalSection(SolutionConfigurationPlatforms) = preSolution
		Debug|Any CPU = Debug|Any CPU
		Release|Any CPU = Release|Any CPU
	EndGlobalSection
	GlobalSection(ProjectConfigurationPlatforms) = postSolution
		{ED49B099-96B5-4642-BF82-3D5A0D97EEEE}.Debug|Any CPU.ActiveCfg = Debug|Any CPU
		{ED49B099-96B5-4642-BF82-3D5A0D97EEEE}.Debug|Any CPU.Build.0 = Debug|Any CPU
		{ED49B099-96B5-4642-BF82-3D5A0D97EEEE}.Release|Any CPU.ActiveCfg = Release|Any CPU
		{ED49B099-96B5-4642-BF82-3D5A0D97EEEE}.Release|Any CPU.Build.0 = Release|Any CPU
	EndGlobalSection
	GlobalSection(SolutionProperties) = preSolution
		HideSolutionNode = FALSE
	EndGlobalSection
EndGlobal
